
Microsoft Visual Studio Solution File, Format Version 12.00
# Visual Studio Version 16
VisualStudioVersion = 16.0.30413.136
MinimumVisualStudioVersion = 10.0.40219.1
Project("{FAE04EC0-301F-11D3-BF4B-00C04F79EFBC}") = "Pokerbank", "Pokerbank\Pokerbank.csproj", "{28F1630F-F020-4BB0-88BA-1BA5619605C7}"
EndProject
Global
	GlobalSection(SolutionConfigurationPlatforms) = preSolution
		Debug|Any CPU = Debug|Any CPU
		Release|Any CPU = Release|Any CPU
	EndGlobalSection
	GlobalSection(ProjectConfigurationPlatforms) = postSolution
		{28F1630F-F020-4BB0-88BA-1BA5619605C7}.Debug|Any CPU.ActiveCfg = Debug|Any CPU
		{28F1630F-F020-4BB0-88BA-1BA5619605C7}.Debug|Any CPU.Build.0 = Debug|Any CPU
		{28F1630F-F020-4BB0-88BA-1BA5619605C7}.Release|Any CPU.ActiveCfg = Release|Any CPU
		{28F1630F-F020-4BB0-88BA-1BA5619605C7}.Release|Any CPU.Build.0 = Release|Any CPU
	EndGlobalSection
	GlobalSection(SolutionProperties) = preSolution
		HideSolutionNode = FALSE
	EndGlobalSection
	GlobalSection(ExtensibilityGlobals) = postSolution
		SolutionGuid = {9337571D-1519-4825-B440-1BEC5A5637AE}
	EndGlobalSection
EndGlobal
